
Microsoft Visual Studio Solution File, Format Version 12.00
Project("{FAE04EC0-301F-11D3-BF4B-00C04F79EFBC}") = "GestureDictionary", "GestureDictionary\GestureDictionary.csproj", "{807165AB-554F-4E3B-88C1-686E7B70B71A}"
EndProject
Global
	GlobalSection(SolutionConfigurationPlatforms) = preSolution
		Debug|Any CPU = Debug|Any CPU
		Release|Any CPU = Release|Any CPU
	EndGlobalSection
	GlobalSection(ProjectConfigurationPlatforms) = postSolution
		{807165AB-554F-4E3B-88C1-686E7B70B71A}.Debug|Any CPU.ActiveCfg = Debug|Any CPU
		{807165AB-554F-4E3B-88C1-686E7B70B71A}.Debug|Any CPU.Build.0 = Debug|Any CPU
		{807165AB-554F-4E3B-88C1-686E7B70B71A}.Release|Any CPU.ActiveCfg = Release|Any CPU
		{807165AB-554F-4E3B-88C1-686E7B70B71A}.Release|Any CPU.Build.0 = Release|Any CPU
	EndGlobalSection
EndGlobal
